
Microsoft Visual Studio Solution File, Format Version 12.00
# Visual Studio 15
VisualStudioVersion = 15.0.27004.2009
MinimumVisualStudioVersion = 10.0.40219.1
Project("{FAE04EC0-301F-11D3-BF4B-00C04F79EFBC}") = "Debweb", "Debweb\Debweb.csproj", "{4CF16067-6B59-40D1-8165-5524D1EB7914}"
EndProject
Project("{FAE04EC0-301F-11D3-BF4B-00C04F79EFBC}") = "Debcore", "..\Debcore\Debcore.csproj", "{FEEF8FB4-411D-488A-A047-CE5DC25CA5A6}"
EndProject
Project("{FAE04EC0-301F-11D3-BF4B-00C04F79EFBC}") = "Data", "..\Data\Data.csproj", "{D9756D67-BED3-4ED7-A31B-7294A3043927}"
EndProject
Global
	GlobalSection(SolutionConfigurationPlatforms) = preSolution
		Debug|Any CPU = Debug|Any CPU
		Release|Any CPU = Release|Any CPU
	EndGlobalSection
	GlobalSection(ProjectConfigurationPlatforms) = postSolution
		{4CF16067-6B59-40D1-8165-5524D1EB7914}.Debug|Any CPU.ActiveCfg = Debug|Any CPU
		{4CF16067-6B59-40D1-8165-5524D1EB7914}.Debug|Any CPU.Build.0 = Debug|Any CPU
		{4CF16067-6B59-40D1-8165-5524D1EB7914}.Release|Any CPU.ActiveCfg = Release|Any CPU
		{4CF16067-6B59-40D1-8165-5524D1EB7914}.Release|Any CPU.Build.0 = Release|Any CPU
		{FEEF8FB4-411D-488A-A047-CE5DC25CA5A6}.Debug|Any CPU.ActiveCfg = Debug|Any CPU
		{FEEF8FB4-411D-488A-A047-CE5DC25CA5A6}.Debug|Any CPU.Build.0 = Debug|Any CPU
		{FEEF8FB4-411D-488A-A047-CE5DC25CA5A6}.Release|Any CPU.ActiveCfg = Release|Any CPU
		{FEEF8FB4-411D-488A-A047-CE5DC25CA5A6}.Release|Any CPU.Build.0 = Release|Any CPU
		{D9756D67-BED3-4ED7-A31B-7294A3043927}.Debug|Any CPU.ActiveCfg = Debug|Any CPU
		{D9756D67-BED3-4ED7-A31B-7294A3043927}.Debug|Any CPU.Build.0 = Debug|Any CPU
		{D9756D67-BED3-4ED7-A31B-7294A3043927}.Release|Any CPU.ActiveCfg = Release|Any CPU
		{D9756D67-BED3-4ED7-A31B-7294A3043927}.Release|Any CPU.Build.0 = Release|Any CPU
	EndGlobalSection
	GlobalSection(SolutionProperties) = preSolution
		HideSolutionNode = FALSE
	EndGlobalSection
	GlobalSection(ExtensibilityGlobals) = postSolution
		SolutionGuid = {C579A213-8A84-451E-979A-4E635F373DC8}
	EndGlobalSection
EndGlobal
